
Microsoft Visual Studio Solution File, Format Version 12.00
# Visual Studio Version 16
VisualStudioVersion = 16.0.29613.14
MinimumVisualStudioVersion = 10.0.40219.1
Project("{FAE04EC0-301F-11D3-BF4B-00C04F79EFBC}") = "TesterProject", "TesterProject\TesterProject.csproj", "{C5E087E0-2B88-4F25-9F3A-83C1ABAE0A2B}"
EndProject
Project("{FAE04EC0-301F-11D3-BF4B-00C04F79EFBC}") = "TesterCore", "TesterCore\TesterCore.csproj", "{B7D04EA1-B4DA-4A19-BE4F-CC8ED5C35A94}"
EndProject
Project("{FAE04EC0-301F-11D3-BF4B-00C04F79EFBC}") = "TesterDb", "TesterDb\TesterDb.csproj", "{F4C1BC85-40DC-4AB3-AD65-3BB26C80F7C5}"
EndProject
Global
	GlobalSection(SolutionConfigurationPlatforms) = preSolution
		Debug|Any CPU = Debug|Any CPU
		Release|Any CPU = Release|Any CPU
	EndGlobalSection
	GlobalSection(ProjectConfigurationPlatforms) = postSolution
		{C5E087E0-2B88-4F25-9F3A-83C1ABAE0A2B}.Debug|Any CPU.ActiveCfg = Debug|Any CPU
		{C5E087E0-2B88-4F25-9F3A-83C1ABAE0A2B}.Debug|Any CPU.Build.0 = Debug|Any CPU
		{C5E087E0-2B88-4F25-9F3A-83C1ABAE0A2B}.Release|Any CPU.ActiveCfg = Release|Any CPU
		{C5E087E0-2B88-4F25-9F3A-83C1ABAE0A2B}.Release|Any CPU.Build.0 = Release|Any CPU
		{B7D04EA1-B4DA-4A19-BE4F-CC8ED5C35A94}.Debug|Any CPU.ActiveCfg = Debug|Any CPU
		{B7D04EA1-B4DA-4A19-BE4F-CC8ED5C35A94}.Debug|Any CPU.Build.0 = Debug|Any CPU
		{B7D04EA1-B4DA-4A19-BE4F-CC8ED5C35A94}.Release|Any CPU.ActiveCfg = Release|Any CPU
		{B7D04EA1-B4DA-4A19-BE4F-CC8ED5C35A94}.Release|Any CPU.Build.0 = Release|Any CPU
		{F4C1BC85-40DC-4AB3-AD65-3BB26C80F7C5}.Debug|Any CPU.ActiveCfg = Debug|Any CPU
		{F4C1BC85-40DC-4AB3-AD65-3BB26C80F7C5}.Debug|Any CPU.Build.0 = Debug|Any CPU
		{F4C1BC85-40DC-4AB3-AD65-3BB26C80F7C5}.Release|Any CPU.ActiveCfg = Release|Any CPU
		{F4C1BC85-40DC-4AB3-AD65-3BB26C80F7C5}.Release|Any CPU.Build.0 = Release|Any CPU
	EndGlobalSection
	GlobalSection(SolutionProperties) = preSolution
		HideSolutionNode = FALSE
	EndGlobalSection
	GlobalSection(ExtensibilityGlobals) = postSolution
		SolutionGuid = {078A11EA-DBDF-4E7A-83CA-80859CDBCC9B}
	EndGlobalSection
EndGlobal
